{
  "name": "library-consumer",
  "version": "0.0.0",
  "lockfileVersion": 3,
  "requires": true,
  "packages": {
    "": {
      "name": "library-consumer",
      "version": "0.0.0",
      "dependencies": {
        "@engine/core": "file:./tarballs/engine-core-0.1.0.tgz",
        "@engine/ui": "file:./tarballs/engine-ui-0.1.0.tgz",
        "@engine/wasm-modules": "file:./tarballs/engine-wasm-modules-0.1.0.tgz"
      }
    },
    "node_modules/@engine/core": {
      "version": "0.1.0",
      "resolved": "file:tarballs/engine-core-0.1.0.tgz",
      "integrity": "sha512-EwkN34IQiBPAgoOP/n7Dnfq3ypfIrtequbFQ29eLgyGabgNPc+NkadjB7NkeyPZZZ1ADmDgAiKI/6APBD9SSOw==",
      "license": "MIT"
    },
    "node_modules/@engine/ui": {
      "version": "0.1.0",
      "resolved": "file:tarballs/engine-ui-0.1.0.tgz",
      "integrity": "sha512-71oJYVWnyKJW93s9VYhnr1z6SpykUhbYEGiN4fSwEHf4dCIRHGO8hDIqUz7tlwPvlPZlJwe+ITAKFNt/WqRwmw==",
      "license": "MIT",
      "dependencies": {
        "@engine/core": "0.1.0"
      }
    },
    "node_modules/@engine/wasm-modules": {
      "version": "0.1.0",
      "resolved": "file:tarballs/engine-wasm-modules-0.1.0.tgz",
      "integrity": "sha512-vNOkDCL92nu5uKIMqpacxZbe6+b5efdttpJi0ikIZ85Sl5j/kihbB43n15GwPfVJyK2YvPGaL9GgmtO8vtIsqg==",
      "license": "MIT"
    }
  }
}
